{
  "pins" : [
    {
      "identity" : "semanticversion",
      "kind" : "remoteSourceControl",
      "location" : "git@github.com:SwiftPackageIndex/SemanticVersion.git",
      "state" : {
        "revision" : "b26e9fd30d8b19a70e680551103fa579b135aa4f",
        "version" : "0.5.1"
      }
    }
  ],
  "version" : 2
}
